Microsoft Visual Studio Solution File, Format Version 11.00
# Visual Studio 2008

Project("{1570FB41-3C4C-3789-6D07-E582D351813C}") = "FallGuy", "Assembly-CSharp-firstpass.csproj", "{2FBD1D5F-FB14-AE23-EAC1-5E1D8D952DCF}"
EndProject
Project("{1570FB41-3C4C-3789-6D07-E582D351813C}") = "FallGuy", "Assembly-CSharp.csproj", "{41B58552-0466-3523-723F-5FD40D56D58B}"
EndProject
Project("{1570FB41-3C4C-3789-6D07-E582D351813C}") = "FallGuy", "Assembly-CSharp-Editor.csproj", "{D864C7C7-2988-A688-4F72-E090A76AB8DA}"
EndProject
Global
	GlobalSection(SolutionConfigurationPlatforms) = preSolution
		Debug|Any CPU = Debug|Any CPU
		Release|Any CPU = Release|Any CPU
	EndGlobalSection
	GlobalSection(ProjectConfigurationPlatforms) = postSolution
		{2FBD1D5F-FB14-AE23-EAC1-5E1D8D952DCF}.Debug|Any CPU.ActiveCfg = Debug|Any CPU
		{2FBD1D5F-FB14-AE23-EAC1-5E1D8D952DCF}.Debug|Any CPU.Build.0 = Debug|Any CPU
		{2FBD1D5F-FB14-AE23-EAC1-5E1D8D952DCF}.Release|Any CPU.ActiveCfg = Release|Any CPU
		{2FBD1D5F-FB14-AE23-EAC1-5E1D8D952DCF}.Release|Any CPU.Build.0 = Release|Any CPU
		{41B58552-0466-3523-723F-5FD40D56D58B}.Debug|Any CPU.ActiveCfg = Debug|Any CPU
		{41B58552-0466-3523-723F-5FD40D56D58B}.Debug|Any CPU.Build.0 = Debug|Any CPU
		{41B58552-0466-3523-723F-5FD40D56D58B}.Release|Any CPU.ActiveCfg = Release|Any CPU
		{41B58552-0466-3523-723F-5FD40D56D58B}.Release|Any CPU.Build.0 = Release|Any CPU
		{D864C7C7-2988-A688-4F72-E090A76AB8DA}.Debug|Any CPU.ActiveCfg = Debug|Any CPU
		{D864C7C7-2988-A688-4F72-E090A76AB8DA}.Debug|Any CPU.Build.0 = Debug|Any CPU
		{D864C7C7-2988-A688-4F72-E090A76AB8DA}.Release|Any CPU.ActiveCfg = Release|Any CPU
		{D864C7C7-2988-A688-4F72-E090A76AB8DA}.Release|Any CPU.Build.0 = Release|Any CPU
	EndGlobalSection
	GlobalSection(SolutionProperties) = preSolution
		HideSolutionNode = FALSE
	EndGlobalSection
									GlobalSection(MonoDevelopProperties) = preSolution
		StartupItem = Assembly-CSharp.csproj
		Policies = $0
		$0.TextStylePolicy = $1
		$1.inheritsSet = null
		$1.scope = text/x-csharp
		$0.CSharpFormattingPolicy = $2
		$2.inheritsSet = Mono
		$2.inheritsScope = text/x-csharp
		$2.scope = text/x-csharp
		$0.TextStylePolicy = $3
		$3.FileWidth = 120
		$3.TabWidth = 4
		$3.IndentWidth = 4
		$3.EolMarker = Unix
		$3.inheritsSet = Mono
		$3.inheritsScope = text/plain
		$3.scope = text/plain
	EndGlobalSection

EndGlobal
