Microsoft Visual Studio Solution File, Format Version 11.00
# Visual Studio 2008

Project("{C036D726-11E9-EC03-6A31-6663C95E49F2}") = "FallGuy_Unity", "Assembly-CSharp-firstpass-vs.csproj", "{8542515D-1F47-7ACF-6E17-F6F6083562E1}"
EndProject
Project("{C036D726-11E9-EC03-6A31-6663C95E49F2}") = "FallGuy_Unity", "Assembly-CSharp-vs.csproj", "{01656F60-E4E3-311D-41C2-B5E822659835}"
EndProject
Project("{C036D726-11E9-EC03-6A31-6663C95E49F2}") = "FallGuy_Unity", "Assembly-CSharp-Editor-vs.csproj", "{49C32E28-40BF-6894-0834-4FF933CA5064}"
EndProject
Global
	GlobalSection(SolutionConfigurationPlatforms) = preSolution
		Debug|Any CPU = Debug|Any CPU
		Release|Any CPU = Release|Any CPU
	EndGlobalSection
	GlobalSection(ProjectConfigurationPlatforms) = postSolution
		{8542515D-1F47-7ACF-6E17-F6F6083562E1}.Debug|Any CPU.ActiveCfg = Debug|Any CPU
		{8542515D-1F47-7ACF-6E17-F6F6083562E1}.Debug|Any CPU.Build.0 = Debug|Any CPU
		{8542515D-1F47-7ACF-6E17-F6F6083562E1}.Release|Any CPU.ActiveCfg = Release|Any CPU
		{8542515D-1F47-7ACF-6E17-F6F6083562E1}.Release|Any CPU.Build.0 = Release|Any CPU
		{01656F60-E4E3-311D-41C2-B5E822659835}.Debug|Any CPU.ActiveCfg = Debug|Any CPU
		{01656F60-E4E3-311D-41C2-B5E822659835}.Debug|Any CPU.Build.0 = Debug|Any CPU
		{01656F60-E4E3-311D-41C2-B5E822659835}.Release|Any CPU.ActiveCfg = Release|Any CPU
		{01656F60-E4E3-311D-41C2-B5E822659835}.Release|Any CPU.Build.0 = Release|Any CPU
		{49C32E28-40BF-6894-0834-4FF933CA5064}.Debug|Any CPU.ActiveCfg = Debug|Any CPU
		{49C32E28-40BF-6894-0834-4FF933CA5064}.Debug|Any CPU.Build.0 = Debug|Any CPU
		{49C32E28-40BF-6894-0834-4FF933CA5064}.Release|Any CPU.ActiveCfg = Release|Any CPU
		{49C32E28-40BF-6894-0834-4FF933CA5064}.Release|Any CPU.Build.0 = Release|Any CPU
	EndGlobalSection
	GlobalSection(SolutionProperties) = preSolution
		HideSolutionNode = FALSE
	EndGlobalSection
											GlobalSection(MonoDevelopProperties) = preSolution
		StartupItem = Assembly-CSharp.csproj
		Policies = $0
		$0.TextStylePolicy = $1
		$1.inheritsSet = null
		$1.scope = text/x-csharp
		$0.CSharpFormattingPolicy = $2
		$2.inheritsSet = Mono
		$2.inheritsScope = text/x-csharp
		$2.scope = text/x-csharp
		$0.TextStylePolicy = $3
		$3.FileWidth = 120
		$3.TabWidth = 4
		$3.IndentWidth = 4
		$3.EolMarker = Unix
		$3.inheritsSet = Mono
		$3.inheritsScope = text/plain
		$3.scope = text/plain
	EndGlobalSection

EndGlobal
